
Microsoft Visual Studio Solution File, Format Version 12.00
# Visual Studio Version 17
VisualStudioVersion = 17.8.34330.188
MinimumVisualStudioVersion = 10.0.40219.1
Project("{9A19103F-16F7-4668-BE54-9A1E7A4F7556}") = "HotelProject", "HotelProject\HotelProject.csproj", "{3C417969-8C2B-41CD-87C9-CD67A38B4A6E}"
EndProject
Project("{9A19103F-16F7-4668-BE54-9A1E7A4F7556}") = "Core", "Core\Core.csproj", "{B19267D2-83C2-43DD-AB28-2A233487C2CC}"
EndProject
Project("{9A19103F-16F7-4668-BE54-9A1E7A4F7556}") = "Data", "Data\Data.csproj", "{F24C53E7-5EBF-4523-8A78-C777AD4B2037}"
EndProject
Project("{9A19103F-16F7-4668-BE54-9A1E7A4F7556}") = "Service", "Service\Service.csproj", "{1B17FEA4-D13C-4435-8814-A2A35523F93F}"
EndProject
Project("{9A19103F-16F7-4668-BE54-9A1E7A4F7556}") = "HotelUI", "HotelUI\HotelUI.csproj", "{B0969D73-F084-4C50-BA0D-00508668A82A}"
EndProject
Project("{FAE04EC0-301F-11D3-BF4B-00C04F79EFBC}") = "HotelProject.Test", "HotelProject.Test\HotelProject.Test.csproj", "{7845E939-F710-4D9D-82D3-B50A60D285E2}"
EndProject
Global
	GlobalSection(SolutionConfigurationPlatforms) = preSolution
		Debug|Any CPU = Debug|Any CPU
		Release|Any CPU = Release|Any CPU
	EndGlobalSection
	GlobalSection(ProjectConfigurationPlatforms) = postSolution
		{3C417969-8C2B-41CD-87C9-CD67A38B4A6E}.Debug|Any CPU.ActiveCfg = Debug|Any CPU
		{3C417969-8C2B-41CD-87C9-CD67A38B4A6E}.Debug|Any CPU.Build.0 = Debug|Any CPU
		{3C417969-8C2B-41CD-87C9-CD67A38B4A6E}.Release|Any CPU.ActiveCfg = Release|Any CPU
		{3C417969-8C2B-41CD-87C9-CD67A38B4A6E}.Release|Any CPU.Build.0 = Release|Any CPU
		{B19267D2-83C2-43DD-AB28-2A233487C2CC}.Debug|Any CPU.ActiveCfg = Debug|Any CPU
		{B19267D2-83C2-43DD-AB28-2A233487C2CC}.Debug|Any CPU.Build.0 = Debug|Any CPU
		{B19267D2-83C2-43DD-AB28-2A233487C2CC}.Release|Any CPU.ActiveCfg = Release|Any CPU
		{B19267D2-83C2-43DD-AB28-2A233487C2CC}.Release|Any CPU.Build.0 = Release|Any CPU
		{F24C53E7-5EBF-4523-8A78-C777AD4B2037}.Debug|Any CPU.ActiveCfg = Debug|Any CPU
		{F24C53E7-5EBF-4523-8A78-C777AD4B2037}.Debug|Any CPU.Build.0 = Debug|Any CPU
		{F24C53E7-5EBF-4523-8A78-C777AD4B2037}.Release|Any CPU.ActiveCfg = Release|Any CPU
		{F24C53E7-5EBF-4523-8A78-C777AD4B2037}.Release|Any CPU.Build.0 = Release|Any CPU
		{1B17FEA4-D13C-4435-8814-A2A35523F93F}.Debug|Any CPU.ActiveCfg = Debug|Any CPU
		{1B17FEA4-D13C-4435-8814-A2A35523F93F}.Debug|Any CPU.Build.0 = Debug|Any CPU
		{1B17FEA4-D13C-4435-8814-A2A35523F93F}.Release|Any CPU.ActiveCfg = Release|Any CPU
		{1B17FEA4-D13C-4435-8814-A2A35523F93F}.Release|Any CPU.Build.0 = Release|Any CPU
		{B0969D73-F084-4C50-BA0D-00508668A82A}.Debug|Any CPU.ActiveCfg = Debug|Any CPU
		{B0969D73-F084-4C50-BA0D-00508668A82A}.Debug|Any CPU.Build.0 = Debug|Any CPU
		{B0969D73-F084-4C50-BA0D-00508668A82A}.Release|Any CPU.ActiveCfg = Release|Any CPU
		{B0969D73-F084-4C50-BA0D-00508668A82A}.Release|Any CPU.Build.0 = Release|Any CPU
		{7845E939-F710-4D9D-82D3-B50A60D285E2}.Debug|Any CPU.ActiveCfg = Debug|Any CPU
		{7845E939-F710-4D9D-82D3-B50A60D285E2}.Debug|Any CPU.Build.0 = Debug|Any CPU
		{7845E939-F710-4D9D-82D3-B50A60D285E2}.Release|Any CPU.ActiveCfg = Release|Any CPU
		{7845E939-F710-4D9D-82D3-B50A60D285E2}.Release|Any CPU.Build.0 = Release|Any CPU
	EndGlobalSection
	GlobalSection(SolutionProperties) = preSolution
		HideSolutionNode = FALSE
	EndGlobalSection
	GlobalSection(ExtensibilityGlobals) = postSolution
		SolutionGuid = {EF570F8E-B553-4E09-A216-46563269F41F}
	EndGlobalSection
EndGlobal
